{
  "name": "TUI Clock",
  "lockfileVersion": 3,
  "requires": true,
  "packages": {
    "": {
      "dependencies": {
        "@myaruran/tty-clock-darwin-arm64": "^0.1.1"
      }
    },
    "node_modules/@myaruran/tty-clock-darwin-arm64": {
      "version": "0.1.1",
      "resolved": "https://registry.npmjs.org/@myaruran/tty-clock-darwin-arm64/-/tty-clock-darwin-arm64-0.1.1.tgz",
      "integrity": "sha512-JJ7oJ7bpe7XXp/4XmJ71hjFbYu8bruXKUCjBDPyt3lp4nsX3gROEN7WlknxhjmpnyufQ6Qc7yvdFcf9Lo148RA==",
      "cpu": [
        "arm64"
      ],
      "license": "MIT",
      "os": [
        "darwin"
      ]
    }
  }
}
